<?xml version="1.0" encoding="utf-8"?>
<Project ToolsVersion="4.0" xmlns="http://schemas.microsoft.com/developer/msbuild/2003">
  <ItemGroup>
    <Filter Include="Source Files">
      <UniqueIdentifier>{4FC737F1-C7A5-4376-A066-2A32D752A2FF}</UniqueIdentifier>
      <Extensions>cpp;c;cc;cxx;c++;cppm;ixx;def;odl;idl;hpj;bat;asm;asmx</Extensions>
    </Filter>
    <Filter Include="Header Files">
      <UniqueIdentifier>{93995380-89BD-4b04-88EB-625FBE52EBFB}</UniqueIdentifier>
      <Extensions>h;hh;hpp;hxx;h++;hm;inl;inc;ipp;xsd</Extensions>
    </Filter>
    <Filter Include="Resource Files">
      <UniqueIdentifier>{67DA6AB6-F800-4c08-8B7A-83BB121AAD01}</UniqueIdentifier>
      <Extensions>rc;ico;cur;bmp;dlg;rc2;rct;bin;rgs;gif;jpg;jpeg;jpe;resx;tiff;tif;png;wav;mfcribbon-ms</Extensions>
    </Filter>
    <Filter Include="Inputs">
      <UniqueIdentifier>{b065263e-cfe7-4956-85be-7e532d962d33}</UniqueIdentifier>
    </Filter>
    <Filter Include="Numerics">
      <UniqueIdentifier>{a4654ed3-e331-44a8-aa07-fe3b35555e6e}</UniqueIdentifier>
    </Filter>
    <Filter Include="DayClasses">
      <UniqueIdentifier>{39d3955a-11ce-4a07-a1ee-ce6341425886}</UniqueIdentifier>
    </Filter>
  </ItemGroup>
  <ItemGroup>
    <ClCompile Include="main.cpp">
      <Filter>Source Files</Filter>
    </ClCompile>
    <ClCompile Include="Days.cpp">
      <Filter>Source Files</Filter>
    </ClCompile>
    <ClCompile Include="UIntVector2D.cpp">
      <Filter>Numerics</Filter>
    </ClCompile>
    <ClCompile Include="BingoBoard.cpp">
      <Filter>DayClasses</Filter>
    </ClCompile>
    <ClCompile Include="Submarine.cpp">
      <Filter>DayClasses</Filter>
    </ClCompile>
    <ClCompile Include="UIntPoint.cpp">
      <Filter>Numerics</Filter>
    </ClCompile>
    <ClCompile Include="DIgitalDisplaySignal.cpp">
      <Filter>DayClasses</Filter>
    </ClCompile>
    <ClCompile Include="ThermalVentMap.cpp">
      <Filter>DayClasses</Filter>
    </ClCompile>
    <ClCompile Include="ThermalVentMapBasin.cpp">
      <Filter>DayClasses</Filter>
    </ClCompile>
    <ClCompile Include="Utilities.cpp">
      <Filter>Source Files</Filter>
    </ClCompile>
    <ClCompile Include="DumboOctopus.cpp">
      <Filter>DayClasses</Filter>
    </ClCompile>
    <ClCompile Include="Cave.cpp">
      <Filter>DayClasses</Filter>
    </ClCompile>
  </ItemGroup>
  <ItemGroup>
    <ClInclude Include="Days.h">
      <Filter>Header Files</Filter>
    </ClInclude>
    <ClInclude Include="Utilities.h">
      <Filter>Header Files</Filter>
    </ClInclude>
    <ClInclude Include="UIntVector2D.h">
      <Filter>Numerics</Filter>
    </ClInclude>
    <ClInclude Include="UIntPoint.h">
      <Filter>Numerics</Filter>
    </ClInclude>
    <ClInclude Include="ThermalVentMap.h">
      <Filter>Header Files</Filter>
    </ClInclude>
    <ClInclude Include="BingoBoard.h">
      <Filter>Header Files</Filter>
    </ClInclude>
    <ClInclude Include="Submarine.h">
      <Filter>Header Files</Filter>
    </ClInclude>
    <ClInclude Include="DIgitalDisplaySignal.h">
      <Filter>Header Files</Filter>
    </ClInclude>
    <ClInclude Include="ThermalVentMapBasin.h">
      <Filter>Header Files</Filter>
    </ClInclude>
    <ClInclude Include="DumboOctopus.h">
      <Filter>Header Files</Filter>
    </ClInclude>
    <ClInclude Include="Cave.h">
      <Filter>Header Files</Filter>
    </ClInclude>
  </ItemGroup>
  <ItemGroup>
    <Text Include="Dec01.txt">
      <Filter>Inputs</Filter>
    </Text>
    <Text Include="Temp01.txt">
      <Filter>Inputs</Filter>
    </Text>
    <Text Include="Dec02.txt">
      <Filter>Inputs</Filter>
    </Text>
    <Text Include="Dec03.txt">
      <Filter>Inputs</Filter>
    </Text>
    <Text Include="Dec04.txt">
      <Filter>Inputs</Filter>
    </Text>
    <Text Include="Dec05.txt">
      <Filter>Inputs</Filter>
    </Text>
    <Text Include="Dec06.txt">
      <Filter>Inputs</Filter>
    </Text>
    <Text Include="Dec07.txt">
      <Filter>Inputs</Filter>
    </Text>
    <Text Include="Dec08.txt">
      <Filter>Inputs</Filter>
    </Text>
    <Text Include="Dec09.txt">
      <Filter>Inputs</Filter>
    </Text>
    <Text Include="Dec10.txt">
      <Filter>Inputs</Filter>
    </Text>
    <Text Include="Dec11.txt">
      <Filter>Inputs</Filter>
    </Text>
    <Text Include="Dec12.txt">
      <Filter>Inputs</Filter>
    </Text>
    <Text Include="Dec13.txt">
      <Filter>Inputs</Filter>
    </Text>
    <Text Include="Dec14.txt">
      <Filter>Inputs</Filter>
    </Text>
    <Text Include="Dec15.txt">
      <Filter>Inputs</Filter>
    </Text>
    <Text Include="Dec16.txt">
      <Filter>Inputs</Filter>
    </Text>
    <Text Include="Dec17.txt">
      <Filter>Inputs</Filter>
    </Text>
    <Text Include="Dec18.txt">
      <Filter>Inputs</Filter>
    </Text>
    <Text Include="Dec19.txt">
      <Filter>Inputs</Filter>
    </Text>
    <Text Include="Dec20.txt">
      <Filter>Inputs</Filter>
    </Text>
    <Text Include="Dec21.txt">
      <Filter>Inputs</Filter>
    </Text>
    <Text Include="Dec22.txt">
      <Filter>Inputs</Filter>
    </Text>
    <Text Include="Dec23.txt">
      <Filter>Inputs</Filter>
    </Text>
    <Text Include="Dec24.txt">
      <Filter>Inputs</Filter>
    </Text>
    <Text Include="Dec25.txt">
      <Filter>Inputs</Filter>
    </Text>
    <Text Include="Temp02.txt">
      <Filter>Inputs</Filter>
    </Text>
    <Text Include="Temp03.txt">
      <Filter>Inputs</Filter>
    </Text>
  </ItemGroup>
</Project>